Microsoft Visual Studio Solution File, Format Version 7.00
Project("{8BC9CEB8-8B4A-11D0-8D11-00A0C91BC942}") = "Map", "Map\Map.vcproj", "{9B4264DD-BFDB-4FB6-8D9D-AF6957CB5505}"
EndProject
Project("{8BC9CEB8-8B4A-11D0-8D11-00A0C91BC942}") = "MapPS", "MapPS\MapPS.vcproj", "{817953DF-1AA8-4CA1-8B0B-40901755B5CF}"
EndProject
Project("{8BC9CEB8-8B4A-11D0-8D11-00A0C91BC942}") = "atlas", "Atlas\atlas.vcproj", "{E008B81E-8B7F-4E04-AE7E-DD59823B1005}"
EndProject
Global
	GlobalSection(SolutionConfiguration) = preSolution
		ConfigName.0 = Debug
		ConfigName.1 = Release
	EndGlobalSection
	GlobalSection(ProjectDependencies) = postSolution
	EndGlobalSection
	GlobalSection(ProjectConfiguration) = postSolution
		{9B4264DD-BFDB-4FB6-8D9D-AF6957CB5505}.Debug.ActiveCfg = Debug|Win32
		{9B4264DD-BFDB-4FB6-8D9D-AF6957CB5505}.Debug.Build.0 = Debug|Win32
		{9B4264DD-BFDB-4FB6-8D9D-AF6957CB5505}.Release.ActiveCfg = Release|Win32
		{9B4264DD-BFDB-4FB6-8D9D-AF6957CB5505}.Release.Build.0 = Release|Win32
		{817953DF-1AA8-4CA1-8B0B-40901755B5CF}.Debug.ActiveCfg = Debug|Win32
		{817953DF-1AA8-4CA1-8B0B-40901755B5CF}.Debug.Build.0 = Debug|Win32
		{817953DF-1AA8-4CA1-8B0B-40901755B5CF}.Release.ActiveCfg = Release|Win32
		{817953DF-1AA8-4CA1-8B0B-40901755B5CF}.Release.Build.0 = Release|Win32
		{E008B81E-8B7F-4E04-AE7E-DD59823B1005}.Debug.ActiveCfg = Debug|Win32
		{E008B81E-8B7F-4E04-AE7E-DD59823B1005}.Debug.Build.0 = Debug|Win32
		{E008B81E-8B7F-4E04-AE7E-DD59823B1005}.Release.ActiveCfg = Release|Win32
		{E008B81E-8B7F-4E04-AE7E-DD59823B1005}.Release.Build.0 = Release|Win32
	EndGlobalSection
	GlobalSection(ExtensibilityGlobals) = postSolution
	EndGlobalSection
	GlobalSection(ExtensibilityAddIns) = postSolution
	EndGlobalSection
EndGlobal
